
Microsoft Visual Studio Solution File, Format Version 12.00
# Visual Studio Version 17
VisualStudioVersion = 17.5.33414.496
MinimumVisualStudioVersion = 10.0.40219.1
Project("{8BC9CEB8-8B4A-11D0-8D11-00A0C91BC942}") = "2ElSatis", "2ElSatis\2ElSatis.vcxproj", "{2156F38A-4C0F-4EAA-81EA-EC9D9AB337D1}"
EndProject
Global
	GlobalSection(SolutionConfigurationPlatforms) = preSolution
		Debug|x64 = Debug|x64
		Debug|x86 = Debug|x86
		Release|x64 = Release|x64
		Release|x86 = Release|x86
	EndGlobalSection
	GlobalSection(ProjectConfigurationPlatforms) = postSolution
		{2156F38A-4C0F-4EAA-81EA-EC9D9AB337D1}.Debug|x64.ActiveCfg = Debug|x64
		{2156F38A-4C0F-4EAA-81EA-EC9D9AB337D1}.Debug|x64.Build.0 = Debug|x64
		{2156F38A-4C0F-4EAA-81EA-EC9D9AB337D1}.Debug|x86.ActiveCfg = Debug|Win32
		{2156F38A-4C0F-4EAA-81EA-EC9D9AB337D1}.Debug|x86.Build.0 = Debug|Win32
		{2156F38A-4C0F-4EAA-81EA-EC9D9AB337D1}.Release|x64.ActiveCfg = Release|x64
		{2156F38A-4C0F-4EAA-81EA-EC9D9AB337D1}.Release|x64.Build.0 = Release|x64
		{2156F38A-4C0F-4EAA-81EA-EC9D9AB337D1}.Release|x86.ActiveCfg = Release|Win32
		{2156F38A-4C0F-4EAA-81EA-EC9D9AB337D1}.Release|x86.Build.0 = Release|Win32
	EndGlobalSection
	GlobalSection(SolutionProperties) = preSolution
		HideSolutionNode = FALSE
	EndGlobalSection
	GlobalSection(ExtensibilityGlobals) = postSolution
		SolutionGuid = {6B3DFE8B-FB56-4E7F-AE4B-DF91BF3614A8}
	EndGlobalSection
EndGlobal
